// !$*UTF8*$!
{
	archiveVersion = 1;
	classes = {
	};
	objectVersion = 50;
	objects = {

/* Begin PBXBuildFile section */
		EFFDB13723FF692300DB86B8 /* AppDelegate.swift in Sources */ = {isa = PBXBuildFile; fileRef = EFFDB13623FF692300DB86B8 /* AppDelegate.swift */; };
		EFFDB13B23FF692400DB86B8 /* Assets.xcassets in Resources */ = {isa = PBXBuildFile; fileRef = EFFDB13A23FF692400DB86B8 /* Assets.xcassets */; };
		EFFDB13E23FF692400DB86B8 /* Preview Assets.xcassets in Resources */ = {isa = PBXBuildFile; fileRef = EFFDB13D23FF692400DB86B8 /* Preview Assets.xcassets */; };
		EFFDB14123FF692400DB86B8 /* Main.storyboard in Resources */ = {isa = PBXBuildFile; fileRef = EFFDB13F23FF692400DB86B8 /* Main.storyboard */; };
		EFFDB14D23FF692400DB86B8 /* GoVPNTests.swift in Sources */ = {isa = PBXBuildFile; fileRef = EFFDB14C23FF692400DB86B8 /* GoVPNTests.swift */; };
		EFFDB15823FF692400DB86B8 /* GoVPNUITests.swift in Sources */ = {isa = PBXBuildFile; fileRef = EFFDB15723FF692400DB86B8 /* GoVPNUITests.swift */; };
		EFFDB16D23FF69FC00DB86B8 /* main.swift in Sources */ = {isa = PBXBuildFile; fileRef = EFFDB16C23FF69FC00DB86B8 /* main.swift */; };
		EFFDB18A23FF702200DB86B8 /* Security.framework in Frameworks */ = {isa = PBXBuildFile; fileRef = EFFDB18923FF702200DB86B8 /* Security.framework */; };
		EFFDB18C23FF777E00DB86B8 /* ServiceManagement.framework in Frameworks */ = {isa = PBXBuildFile; fileRef = EFFDB18B23FF777E00DB86B8 /* ServiceManagement.framework */; };
		EFFDB19523FF887C00DB86B8 /* com.colharris.GoVPNHelper in CopyFiles */ = {isa = PBXBuildFile; fileRef = EFFDB16A23FF69FC00DB86B8 /* com.colharris.GoVPNHelper */; settings = {ATTRIBUTES = (CodeSignOnCopy, ); }; };
		EFFDB19723FF8B3700DB86B8 /* SMJobBlessUtil.py in Resources */ = {isa = PBXBuildFile; fileRef = EFFDB19623FF8B3700DB86B8 /* SMJobBlessUtil.py */; };
		EFFDB19923FF8B4000DB86B8 /* Uninstall.sh in Resources */ = {isa = PBXBuildFile; fileRef = EFFDB19823FF8B4000DB86B8 /* Uninstall.sh */; };
		EFFDB19C2400209C00DB86B8 /* SystemKeychainAccessProtocol.swift in Sources */ = {isa = PBXBuildFile; fileRef = EFFDB19B2400209C00DB86B8 /* SystemKeychainAccessProtocol.swift */; };
		EFFDB19D2400209C00DB86B8 /* SystemKeychainAccessProtocol.swift in Sources */ = {isa = PBXBuildFile; fileRef = EFFDB19B2400209C00DB86B8 /* SystemKeychainAccessProtocol.swift */; };
		EFFDB19F2400211A00DB86B8 /* SystemKeychainAccess.swift in Sources */ = {isa = PBXBuildFile; fileRef = EFFDB19E2400211A00DB86B8 /* SystemKeychainAccess.swift */; };
		EFFDB1A12400230F00DB86B8 /* SystemKeychain.swift in Sources */ = {isa = PBXBuildFile; fileRef = EFFDB1A02400230F00DB86B8 /* SystemKeychain.swift */; };
		EFFDB1A32400268100DB86B8 /* KeychainUtils.swift in Sources */ = {isa = PBXBuildFile; fileRef = EFFDB1A22400268100DB86B8 /* KeychainUtils.swift */; };
		EFFDB1A52400C49D00DB86B8 /* OSLog.swift in Sources */ = {isa = PBXBuildFile; fileRef = EFFDB1A42400C49D00DB86B8 /* OSLog.swift */; };
		EFFDB1A72401329A00DB86B8 /* OSLog.swift in Sources */ = {isa = PBXBuildFile; fileRef = EFFDB1A62401329A00DB86B8 /* OSLog.swift */; };
		EFFDB1A9240245E900DB86B8 /* MenuController.swift in Sources */ = {isa = PBXBuildFile; fileRef = EFFDB1A8240245E900DB86B8 /* MenuController.swift */; };
		EFFDB1AC24024ABC00DB86B8 /* Preferences.storyboard in Resources */ = {isa = PBXBuildFile; fileRef = EFFDB1AA24024ABC00DB86B8 /* Preferences.storyboard */; };
		EFFDB1AD24024ABC00DB86B8 /* PreferencesViewController.swift in Sources */ = {isa = PBXBuildFile; fileRef = EFFDB1AB24024ABC00DB86B8 /* PreferencesViewController.swift */; };
		EFFDB1B124024D8400DB86B8 /* VPNServicesManager.swift in Sources */ = {isa = PBXBuildFile; fileRef = EFFDB1B024024D8400DB86B8 /* VPNServicesManager.swift */; };
		EFFDB1B324024E2300DB86B8 /* VPNService.swift in Sources */ = {isa = PBXBuildFile; fileRef = EFFDB1B224024E2300DB86B8 /* VPNService.swift */; };
		EFFDB1B52402545C00DB86B8 /* VPN.swift in Sources */ = {isa = PBXBuildFile; fileRef = EFFDB1B42402545C00DB86B8 /* VPN.swift */; };
		EFFDB1B72402550100DB86B8 /* VPNConfiguration.swift in Sources */ = {isa = PBXBuildFile; fileRef = EFFDB1B62402550100DB86B8 /* VPNConfiguration.swift */; };
		EFFDB1C82402803700DB86B8 /* Dependencies.framework in Frameworks */ = {isa = PBXBuildFile; fileRef = EFFDB1C324027FB900DB86B8 /* Dependencies.framework */; };
		EFFDB1C92402803700DB86B8 /* Dependencies.framework in Embed Frameworks */ = {isa = PBXBuildFile; fileRef = EFFDB1C324027FB900DB86B8 /* Dependencies.framework */; settings = {ATTRIBUTES = (CodeSignOnCopy, RemoveHeadersOnCopy, ); }; };
		EFFDB1DB2402CC9C00DB86B8 /* OTP.swift in Sources */ = {isa = PBXBuildFile; fileRef = EFFDB1DA2402CC9C00DB86B8 /* OTP.swift */; };
		EFFDB1DE2402CFDC00DB86B8 /* KeychainUtils.swift in Sources */ = {isa = PBXBuildFile; fileRef = EFFDB1A22400268100DB86B8 /* KeychainUtils.swift */; };
/* End PBXBuildFile section */

/* Begin PBXContainerItemProxy section */
		EFFDB14923FF692400DB86B8 /* PBXContainerItemProxy */ = {
			isa = PBXContainerItemProxy;
			containerPortal = EFFDB12B23FF692300DB86B8 /* Project object */;
			proxyType = 1;
			remoteGlobalIDString = EFFDB13223FF692300DB86B8;
			remoteInfo = GoVPN;
		};
		EFFDB15423FF692400DB86B8 /* PBXContainerItemProxy */ = {
			isa = PBXContainerItemProxy;
			containerPortal = EFFDB12B23FF692300DB86B8 /* Project object */;
			proxyType = 1;
			remoteGlobalIDString = EFFDB13223FF692300DB86B8;
			remoteInfo = GoVPN;
		};
		EFFDB19223FF806F00DB86B8 /* PBXContainerItemProxy */ = {
			isa = PBXContainerItemProxy;
			containerPortal = EFFDB12B23FF692300DB86B8 /* Project object */;
			proxyType = 1;
			remoteGlobalIDString = EFFDB16923FF69FC00DB86B8;
			remoteInfo = GoVPNHelper;
		};
		EFFDB1C224027FB900DB86B8 /* PBXContainerItemProxy */ = {
			isa = PBXContainerItemProxy;
			containerPortal = EFFDB1BB24027FB900DB86B8 /* Dependencies.xcodeproj */;
			proxyType = 2;
			remoteGlobalIDString = "Dependencies::Dependencies::Product";
			remoteInfo = Dependencies;
		};
		EFFDB1C424027FB900DB86B8 /* PBXContainerItemProxy */ = {
			isa = PBXContainerItemProxy;
			containerPortal = EFFDB1BB24027FB900DB86B8 /* Dependencies.xcodeproj */;
			proxyType = 2;
			remoteGlobalIDString = "Dependencies::DependenciesTests::Product";
			remoteInfo = DependenciesTests;
		};
		EFFDB1D62402CC1800DB86B8 /* PBXContainerItemProxy */ = {
			isa = PBXContainerItemProxy;
			containerPortal = EFFDB1BB24027FB900DB86B8 /* Dependencies.xcodeproj */;
			proxyType = 2;
			remoteGlobalIDString = "CryptoSwift::CryptoSwift::Product";
			remoteInfo = CryptoSwift;
		};
		EFFDB1D82402CC1800DB86B8 /* PBXContainerItemProxy */ = {
			isa = PBXContainerItemProxy;
			containerPortal = EFFDB1BB24027FB900DB86B8 /* Dependencies.xcodeproj */;
			proxyType = 2;
			remoteGlobalIDString = "SwiftOTP::SwiftOTP::Product";
			remoteInfo = SwiftOTP;
		};
/* End PBXContainerItemProxy section */

/* Begin PBXCopyFilesBuildPhase section */
		EFFDB19423FF886200DB86B8 /* CopyFiles */ = {
			isa = PBXCopyFilesBuildPhase;
			buildActionMask = 2147483647;
			dstPath = Contents/Library/LaunchServices;
			dstSubfolderSpec = 1;
			files = (
				EFFDB19523FF887C00DB86B8 /* com.colharris.GoVPNHelper in CopyFiles */,
			);
			runOnlyForDeploymentPostprocessing = 0;
		};
		EFFDB1CA2402803700DB86B8 /* Embed Frameworks */ = {
			isa = PBXCopyFilesBuildPhase;
			buildActionMask = 2147483647;
			dstPath = "";
			dstSubfolderSpec = 10;
			files = (
				EFFDB1C92402803700DB86B8 /* Dependencies.framework in Embed Frameworks */,
			);
			name = "Embed Frameworks";
			runOnlyForDeploymentPostprocessing = 0;
		};
/* End PBXCopyFilesBuildPhase section */

/* Begin PBXFileReference section */
		EFFDB13323FF692300DB86B8 /* GoVPN.app */ = {isa = PBXFileReference; explicitFileType = wrapper.application; includeInIndex = 0; path = GoVPN.app; sourceTree = BUILT_PRODUCTS_DIR; };
		EFFDB13623FF692300DB86B8 /* AppDelegate.swift */ = {isa = PBXFileReference; lastKnownFileType = sourcecode.swift; path = AppDelegate.swift; sourceTree = "<group>"; };
		EFFDB13A23FF692400DB86B8 /* Assets.xcassets */ = {isa = PBXFileReference; lastKnownFileType = folder.assetcatalog; path = Assets.xcassets; sourceTree = "<group>"; };
		EFFDB13D23FF692400DB86B8 /* Preview Assets.xcassets */ = {isa = PBXFileReference; lastKnownFileType = folder.assetcatalog; path = "Preview Assets.xcassets"; sourceTree = "<group>"; };
		EFFDB14023FF692400DB86B8 /* Base */ = {isa = PBXFileReference; lastKnownFileType = file.storyboard; name = Base; path = Base.lproj/Main.storyboard; sourceTree = "<group>"; };
		EFFDB14223FF692400DB86B8 /* Info.plist */ = {isa = PBXFileReference; lastKnownFileType = text.plist.xml; path = Info.plist; sourceTree = "<group>"; };
		EFFDB14823FF692400DB86B8 /* GoVPNTests.xctest */ = {isa = PBXFileReference; explicitFileType = wrapper.cfbundle; includeInIndex = 0; path = GoVPNTests.xctest; sourceTree = BUILT_PRODUCTS_DIR; };
		EFFDB14C23FF692400DB86B8 /* GoVPNTests.swift */ = {isa = PBXFileReference; lastKnownFileType = sourcecode.swift; path = GoVPNTests.swift; sourceTree = "<group>"; };
		EFFDB14E23FF692400DB86B8 /* Info.plist */ = {isa = PBXFileReference; lastKnownFileType = text.plist.xml; path = Info.plist; sourceTree = "<group>"; };
		EFFDB15323FF692400DB86B8 /* GoVPNUITests.xctest */ = {isa = PBXFileReference; explicitFileType = wrapper.cfbundle; includeInIndex = 0; path = GoVPNUITests.xctest; sourceTree = BUILT_PRODUCTS_DIR; };
		EFFDB15723FF692400DB86B8 /* GoVPNUITests.swift */ = {isa = PBXFileReference; lastKnownFileType = sourcecode.swift; path = GoVPNUITests.swift; sourceTree = "<group>"; };
		EFFDB15923FF692500DB86B8 /* Info.plist */ = {isa = PBXFileReference; lastKnownFileType = text.plist.xml; path = Info.plist; sourceTree = "<group>"; };
		EFFDB16A23FF69FC00DB86B8 /* com.colharris.GoVPNHelper */ = {isa = PBXFileReference; explicitFileType = "compiled.mach-o.executable"; includeInIndex = 0; path = com.colharris.GoVPNHelper; sourceTree = BUILT_PRODUCTS_DIR; };
		EFFDB16C23FF69FC00DB86B8 /* main.swift */ = {isa = PBXFileReference; lastKnownFileType = sourcecode.swift; path = main.swift; sourceTree = "<group>"; };
		EFFDB17123FF6A2000DB86B8 /* GoVPNHelper-Info.plist */ = {isa = PBXFileReference; lastKnownFileType = text.plist.xml; path = "GoVPNHelper-Info.plist"; sourceTree = "<group>"; };
		EFFDB17223FF6CB600DB86B8 /* GoVPNHelper-Launchd.plist */ = {isa = PBXFileReference; lastKnownFileType = text.plist.xml; path = "GoVPNHelper-Launchd.plist"; sourceTree = "<group>"; };
		EFFDB17323FF6D1E00DB86B8 /* main.swift */ = {isa = PBXFileReference; fileEncoding = 4; lastKnownFileType = sourcecode.swift; path = main.swift; sourceTree = "<group>"; };
		EFFDB18923FF702200DB86B8 /* Security.framework */ = {isa = PBXFileReference; lastKnownFileType = wrapper.framework; name = Security.framework; path = System/Library/Frameworks/Security.framework; sourceTree = SDKROOT; };
		EFFDB18B23FF777E00DB86B8 /* ServiceManagement.framework */ = {isa = PBXFileReference; lastKnownFileType = wrapper.framework; name = ServiceManagement.framework; path = System/Library/Frameworks/ServiceManagement.framework; sourceTree = SDKROOT; };
		EFFDB19623FF8B3700DB86B8 /* SMJobBlessUtil.py */ = {isa = PBXFileReference; fileEncoding = 4; lastKnownFileType = text.script.python; path = SMJobBlessUtil.py; sourceTree = "<group>"; };
		EFFDB19823FF8B4000DB86B8 /* Uninstall.sh */ = {isa = PBXFileReference; fileEncoding = 4; lastKnownFileType = text.script.sh; path = Uninstall.sh; sourceTree = "<group>"; };
		EFFDB19B2400209C00DB86B8 /* SystemKeychainAccessProtocol.swift */ = {isa = PBXFileReference; lastKnownFileType = sourcecode.swift; path = SystemKeychainAccessProtocol.swift; sourceTree = "<group>"; };
		EFFDB19E2400211A00DB86B8 /* SystemKeychainAccess.swift */ = {isa = PBXFileReference; lastKnownFileType = sourcecode.swift; path = SystemKeychainAccess.swift; sourceTree = "<group>"; };
		EFFDB1A02400230F00DB86B8 /* SystemKeychain.swift */ = {isa = PBXFileReference; lastKnownFileType = sourcecode.swift; path = SystemKeychain.swift; sourceTree = "<group>"; };
		EFFDB1A22400268100DB86B8 /* KeychainUtils.swift */ = {isa = PBXFileReference; lastKnownFileType = sourcecode.swift; path = KeychainUtils.swift; sourceTree = "<group>"; };
		EFFDB1A42400C49D00DB86B8 /* OSLog.swift */ = {isa = PBXFileReference; lastKnownFileType = sourcecode.swift; path = OSLog.swift; sourceTree = "<group>"; };
		EFFDB1A62401329A00DB86B8 /* OSLog.swift */ = {isa = PBXFileReference; lastKnownFileType = sourcecode.swift; path = OSLog.swift; sourceTree = "<group>"; };
		EFFDB1A8240245E900DB86B8 /* MenuController.swift */ = {isa = PBXFileReference; lastKnownFileType = sourcecode.swift; path = MenuController.swift; sourceTree = "<group>"; };
		EFFDB1AA24024ABC00DB86B8 /* Preferences.storyboard */ = {isa = PBXFileReference; fileEncoding = 4; lastKnownFileType = file.storyboard; path = Preferences.storyboard; sourceTree = "<group>"; };
		EFFDB1AB24024ABC00DB86B8 /* PreferencesViewController.swift */ = {isa = PBXFileReference; fileEncoding = 4; lastKnownFileType = sourcecode.swift; path = PreferencesViewController.swift; sourceTree = "<group>"; };
		EFFDB1AF24024D6B00DB86B8 /* GoVPN-Bridging-Header.h */ = {isa = PBXFileReference; fileEncoding = 4; lastKnownFileType = sourcecode.c.h; path = "GoVPN-Bridging-Header.h"; sourceTree = "<group>"; };
		EFFDB1B024024D8400DB86B8 /* VPNServicesManager.swift */ = {isa = PBXFileReference; fileEncoding = 4; lastKnownFileType = sourcecode.swift; path = VPNServicesManager.swift; sourceTree = "<group>"; };
		EFFDB1B224024E2300DB86B8 /* VPNService.swift */ = {isa = PBXFileReference; fileEncoding = 4; lastKnownFileType = sourcecode.swift; path = VPNService.swift; sourceTree = "<group>"; };
		EFFDB1B42402545C00DB86B8 /* VPN.swift */ = {isa = PBXFileReference; fileEncoding = 4; lastKnownFileType = sourcecode.swift; path = VPN.swift; sourceTree = "<group>"; };
		EFFDB1B62402550100DB86B8 /* VPNConfiguration.swift */ = {isa = PBXFileReference; lastKnownFileType = sourcecode.swift; path = VPNConfiguration.swift; sourceTree = "<group>"; };
		EFFDB1BB24027FB900DB86B8 /* Dependencies.xcodeproj */ = {isa = PBXFileReference; lastKnownFileType = "wrapper.pb-project"; name = Dependencies.xcodeproj; path = Dependencies/Dependencies.xcodeproj; sourceTree = "<group>"; };
		EFFDB1DA2402CC9C00DB86B8 /* OTP.swift */ = {isa = PBXFileReference; lastKnownFileType = sourcecode.swift; path = OTP.swift; sourceTree = "<group>"; };
/* End PBXFileReference section */

/* Begin PBXFrameworksBuildPhase section */
		EFFDB13023FF692300DB86B8 /* Frameworks */ = {
			isa = PBXFrameworksBuildPhase;
			buildActionMask = 2147483647;
			files = (
				EFFDB18A23FF702200DB86B8 /* Security.framework in Frameworks */,
				EFFDB18C23FF777E00DB86B8 /* ServiceManagement.framework in Frameworks */,
				EFFDB1C82402803700DB86B8 /* Dependencies.framework in Frameworks */,
			);
			runOnlyForDeploymentPostprocessing = 0;
		};
		EFFDB14523FF692400DB86B8 /* Frameworks */ = {
			isa = PBXFrameworksBuildPhase;
			buildActionMask = 2147483647;
			files = (
			);
			runOnlyForDeploymentPostprocessing = 0;
		};
		EFFDB15023FF692400DB86B8 /* Frameworks */ = {
			isa = PBXFrameworksBuildPhase;
			buildActionMask = 2147483647;
			files = (
			);
			runOnlyForDeploymentPostprocessing = 0;
		};
		EFFDB16723FF69FC00DB86B8 /* Frameworks */ = {
			isa = PBXFrameworksBuildPhase;
			buildActionMask = 2147483647;
			files = (
			);
			runOnlyForDeploymentPostprocessing = 0;
		};
/* End PBXFrameworksBuildPhase section */

/* Begin PBXGroup section */
		EFFDB12A23FF692300DB86B8 = {
			isa = PBXGroup;
			children = (
				EFFDB19A2400206500DB86B8 /* Shared */,
				EFFDB13523FF692300DB86B8 /* GoVPN */,
				EFFDB16523FF69A500DB86B8 /* GoVPNHelper */,
				EFFDB14B23FF692400DB86B8 /* GoVPNTests */,
				EFFDB15623FF692400DB86B8 /* GoVPNUITests */,
				EFFDB16B23FF69FC00DB86B8 /* GoVPNHelper */,
				EFFDB13423FF692300DB86B8 /* Products */,
				EFFDB18823FF702200DB86B8 /* Frameworks */,
				EFFDB19623FF8B3700DB86B8 /* SMJobBlessUtil.py */,
				EFFDB19823FF8B4000DB86B8 /* Uninstall.sh */,
				EFFDB1BB24027FB900DB86B8 /* Dependencies.xcodeproj */,
			);
			sourceTree = "<group>";
		};
		EFFDB13423FF692300DB86B8 /* Products */ = {
			isa = PBXGroup;
			children = (
				EFFDB13323FF692300DB86B8 /* GoVPN.app */,
				EFFDB14823FF692400DB86B8 /* GoVPNTests.xctest */,
				EFFDB15323FF692400DB86B8 /* GoVPNUITests.xctest */,
				EFFDB16A23FF69FC00DB86B8 /* com.colharris.GoVPNHelper */,
			);
			name = Products;
			sourceTree = "<group>";
		};
		EFFDB13523FF692300DB86B8 /* GoVPN */ = {
			isa = PBXGroup;
			children = (
				EFFDB1AE24024CD500DB86B8 /* Common */,
				EFFDB13623FF692300DB86B8 /* AppDelegate.swift */,
				EFFDB1A8240245E900DB86B8 /* MenuController.swift */,
				EFFDB13A23FF692400DB86B8 /* Assets.xcassets */,
				EFFDB13F23FF692400DB86B8 /* Main.storyboard */,
				EFFDB14223FF692400DB86B8 /* Info.plist */,
				EFFDB13C23FF692400DB86B8 /* Preview Content */,
				EFFDB1A42400C49D00DB86B8 /* OSLog.swift */,
				EFFDB1AA24024ABC00DB86B8 /* Preferences.storyboard */,
				EFFDB1AB24024ABC00DB86B8 /* PreferencesViewController.swift */,
				EFFDB1AF24024D6B00DB86B8 /* GoVPN-Bridging-Header.h */,
			);
			path = GoVPN;
			sourceTree = "<group>";
		};
		EFFDB13C23FF692400DB86B8 /* Preview Content */ = {
			isa = PBXGroup;
			children = (
				EFFDB13D23FF692400DB86B8 /* Preview Assets.xcassets */,
			);
			path = "Preview Content";
			sourceTree = "<group>";
		};
		EFFDB14B23FF692400DB86B8 /* GoVPNTests */ = {
			isa = PBXGroup;
			children = (
				EFFDB14C23FF692400DB86B8 /* GoVPNTests.swift */,
				EFFDB14E23FF692400DB86B8 /* Info.plist */,
			);
			path = GoVPNTests;
			sourceTree = "<group>";
		};
		EFFDB15623FF692400DB86B8 /* GoVPNUITests */ = {
			isa = PBXGroup;
			children = (
				EFFDB15723FF692400DB86B8 /* GoVPNUITests.swift */,
				EFFDB15923FF692500DB86B8 /* Info.plist */,
			);
			path = GoVPNUITests;
			sourceTree = "<group>";
		};
		EFFDB16523FF69A500DB86B8 /* GoVPNHelper */ = {
			isa = PBXGroup;
			children = (
				EFFDB17123FF6A2000DB86B8 /* GoVPNHelper-Info.plist */,
				EFFDB17223FF6CB600DB86B8 /* GoVPNHelper-Launchd.plist */,
				EFFDB17323FF6D1E00DB86B8 /* main.swift */,
				EFFDB19E2400211A00DB86B8 /* SystemKeychainAccess.swift */,
				EFFDB1A62401329A00DB86B8 /* OSLog.swift */,
			);
			path = GoVPNHelper;
			sourceTree = "<group>";
		};
		EFFDB16B23FF69FC00DB86B8 /* GoVPNHelper */ = {
			isa = PBXGroup;
			children = (
				EFFDB16C23FF69FC00DB86B8 /* main.swift */,
			);
			path = GoVPNHelper;
			sourceTree = "<group>";
		};
		EFFDB18823FF702200DB86B8 /* Frameworks */ = {
			isa = PBXGroup;
			children = (
				EFFDB18B23FF777E00DB86B8 /* ServiceManagement.framework */,
				EFFDB18923FF702200DB86B8 /* Security.framework */,
			);
			name = Frameworks;
			sourceTree = "<group>";
		};
		EFFDB19A2400206500DB86B8 /* Shared */ = {
			isa = PBXGroup;
			children = (
				EFFDB1A22400268100DB86B8 /* KeychainUtils.swift */,
				EFFDB19B2400209C00DB86B8 /* SystemKeychainAccessProtocol.swift */,
			);
			path = Shared;
			sourceTree = "<group>";
		};
		EFFDB1AE24024CD500DB86B8 /* Common */ = {
			isa = PBXGroup;
			children = (
				EFFDB1A02400230F00DB86B8 /* SystemKeychain.swift */,
				EFFDB1B024024D8400DB86B8 /* VPNServicesManager.swift */,
				EFFDB1B224024E2300DB86B8 /* VPNService.swift */,
				EFFDB1B42402545C00DB86B8 /* VPN.swift */,
				EFFDB1B62402550100DB86B8 /* VPNConfiguration.swift */,
				EFFDB1DA2402CC9C00DB86B8 /* OTP.swift */,
			);
			path = Common;
			sourceTree = "<group>";
		};
		EFFDB1BC24027FB900DB86B8 /* Products */ = {
			isa = PBXGroup;
			children = (
				EFFDB1D72402CC1800DB86B8 /* CryptoSwift.framework */,
				EFFDB1C324027FB900DB86B8 /* Dependencies.framework */,
				EFFDB1C524027FB900DB86B8 /* DependenciesTests.xctest */,
				EFFDB1D92402CC1800DB86B8 /* SwiftOTP.framework */,
			);
			name = Products;
			sourceTree = "<group>";
		};
/* End PBXGroup section */

/* Begin PBXNativeTarget section */
		EFFDB13223FF692300DB86B8 /* GoVPN */ = {
			isa = PBXNativeTarget;
			buildConfigurationList = EFFDB15C23FF692500DB86B8 /* Build configuration list for PBXNativeTarget "GoVPN" */;
			buildPhases = (
				EFFDB12F23FF692300DB86B8 /* Sources */,
				EFFDB13023FF692300DB86B8 /* Frameworks */,
				EFFDB13123FF692300DB86B8 /* Resources */,
				EFFDB19423FF886200DB86B8 /* CopyFiles */,
				EFFDB1CA2402803700DB86B8 /* Embed Frameworks */,
			);
			buildRules = (
			);
			dependencies = (
				EFFDB19323FF806F00DB86B8 /* PBXTargetDependency */,
			);
			name = GoVPN;
			productName = GoVPN;
			productReference = EFFDB13323FF692300DB86B8 /* GoVPN.app */;
			productType = "com.apple.product-type.application";
		};
		EFFDB14723FF692400DB86B8 /* GoVPNTests */ = {
			isa = PBXNativeTarget;
			buildConfigurationList = EFFDB15F23FF692500DB86B8 /* Build configuration list for PBXNativeTarget "GoVPNTests" */;
			buildPhases = (
				EFFDB14423FF692400DB86B8 /* Sources */,
				EFFDB14523FF692400DB86B8 /* Frameworks */,
				EFFDB14623FF692400DB86B8 /* Resources */,
			);
			buildRules = (
			);
			dependencies = (
				EFFDB14A23FF692400DB86B8 /* PBXTargetDependency */,
			);
			name = GoVPNTests;
			productName = GoVPNTests;
			productReference = EFFDB14823FF692400DB86B8 /* GoVPNTests.xctest */;
			productType = "com.apple.product-type.bundle.unit-test";
		};
		EFFDB15223FF692400DB86B8 /* GoVPNUITests */ = {
			isa = PBXNativeTarget;
			buildConfigurationList = EFFDB16223FF692500DB86B8 /* Build configuration list for PBXNativeTarget "GoVPNUITests" */;
			buildPhases = (
				EFFDB14F23FF692400DB86B8 /* Sources */,
				EFFDB15023FF692400DB86B8 /* Frameworks */,
				EFFDB15123FF692400DB86B8 /* Resources */,
			);
			buildRules = (
			);
			dependencies = (
				EFFDB15523FF692400DB86B8 /* PBXTargetDependency */,
			);
			name = GoVPNUITests;
			productName = GoVPNUITests;
			productReference = EFFDB15323FF692400DB86B8 /* GoVPNUITests.xctest */;
			productType = "com.apple.product-type.bundle.ui-testing";
		};
		EFFDB16923FF69FC00DB86B8 /* com.colharris.GoVPNHelper */ = {
			isa = PBXNativeTarget;
			buildConfigurationList = EFFDB16E23FF69FC00DB86B8 /* Build configuration list for PBXNativeTarget "com.colharris.GoVPNHelper" */;
			buildPhases = (
				EFFDB16623FF69FC00DB86B8 /* Sources */,
				EFFDB16723FF69FC00DB86B8 /* Frameworks */,
			);
			buildRules = (
			);
			dependencies = (
			);
			name = com.colharris.GoVPNHelper;
			productName = GoVPNHelper;
			productReference = EFFDB16A23FF69FC00DB86B8 /* com.colharris.GoVPNHelper */;
			productType = "com.apple.product-type.tool";
		};
/* End PBXNativeTarget section */

/* Begin PBXProject section */
		EFFDB12B23FF692300DB86B8 /* Project object */ = {
			isa = PBXProject;
			attributes = {
				LastSwiftUpdateCheck = 1120;
				LastUpgradeCheck = 1120;
				ORGANIZATIONNAME = "Colin Harris";
				TargetAttributes = {
					EFFDB13223FF692300DB86B8 = {
						CreatedOnToolsVersion = 11.2.1;
					};
					EFFDB14723FF692400DB86B8 = {
						CreatedOnToolsVersion = 11.2.1;
						TestTargetID = EFFDB13223FF692300DB86B8;
					};
					EFFDB15223FF692400DB86B8 = {
						CreatedOnToolsVersion = 11.2.1;
						TestTargetID = EFFDB13223FF692300DB86B8;
					};
					EFFDB16923FF69FC00DB86B8 = {
						CreatedOnToolsVersion = 11.2.1;
					};
				};
			};
			buildConfigurationList = EFFDB12E23FF692300DB86B8 /* Build configuration list for PBXProject "GoVPN" */;
			compatibilityVersion = "Xcode 9.3";
			developmentRegion = en;
			hasScannedForEncodings = 0;
			knownRegions = (
				en,
				Base,
			);
			mainGroup = EFFDB12A23FF692300DB86B8;
			productRefGroup = EFFDB13423FF692300DB86B8 /* Products */;
			projectDirPath = "";
			projectReferences = (
				{
					ProductGroup = EFFDB1BC24027FB900DB86B8 /* Products */;
					ProjectRef = EFFDB1BB24027FB900DB86B8 /* Dependencies.xcodeproj */;
				},
			);
			projectRoot = "";
			targets = (
				EFFDB13223FF692300DB86B8 /* GoVPN */,
				EFFDB14723FF692400DB86B8 /* GoVPNTests */,
				EFFDB15223FF692400DB86B8 /* GoVPNUITests */,
				EFFDB16923FF69FC00DB86B8 /* com.colharris.GoVPNHelper */,
			);
		};
/* End PBXProject section */

/* Begin PBXReferenceProxy section */
		EFFDB1C324027FB900DB86B8 /* Dependencies.framework */ = {
			isa = PBXReferenceProxy;
			fileType = wrapper.framework;
			path = Dependencies.framework;
			remoteRef = EFFDB1C224027FB900DB86B8 /* PBXContainerItemProxy */;
			sourceTree = BUILT_PRODUCTS_DIR;
		};
		EFFDB1C524027FB900DB86B8 /* DependenciesTests.xctest */ = {
			isa = PBXReferenceProxy;
			fileType = file;
			path = DependenciesTests.xctest;
			remoteRef = EFFDB1C424027FB900DB86B8 /* PBXContainerItemProxy */;
			sourceTree = BUILT_PRODUCTS_DIR;
		};
		EFFDB1D72402CC1800DB86B8 /* CryptoSwift.framework */ = {
			isa = PBXReferenceProxy;
			fileType = wrapper.framework;
			path = CryptoSwift.framework;
			remoteRef = EFFDB1D62402CC1800DB86B8 /* PBXContainerItemProxy */;
			sourceTree = BUILT_PRODUCTS_DIR;
		};
		EFFDB1D92402CC1800DB86B8 /* SwiftOTP.framework */ = {
			isa = PBXReferenceProxy;
			fileType = wrapper.framework;
			path = SwiftOTP.framework;
			remoteRef = EFFDB1D82402CC1800DB86B8 /* PBXContainerItemProxy */;
			sourceTree = BUILT_PRODUCTS_DIR;
		};
/* End PBXReferenceProxy section */

/* Begin PBXResourcesBuildPhase section */
		EFFDB13123FF692300DB86B8 /* Resources */ = {
			isa = PBXResourcesBuildPhase;
			buildActionMask = 2147483647;
			files = (
				EFFDB19923FF8B4000DB86B8 /* Uninstall.sh in Resources */,
				EFFDB14123FF692400DB86B8 /* Main.storyboard in Resources */,
				EFFDB13E23FF692400DB86B8 /* Preview Assets.xcassets in Resources */,
				EFFDB1AC24024ABC00DB86B8 /* Preferences.storyboard in Resources */,
				EFFDB19723FF8B3700DB86B8 /* SMJobBlessUtil.py in Resources */,
				EFFDB13B23FF692400DB86B8 /* Assets.xcassets in Resources */,
			);
			runOnlyForDeploymentPostprocessing = 0;
		};
		EFFDB14623FF692400DB86B8 /* Resources */ = {
			isa = PBXResourcesBuildPhase;
			buildActionMask = 2147483647;
			files = (
			);
			runOnlyForDeploymentPostprocessing = 0;
		};
		EFFDB15123FF692400DB86B8 /* Resources */ = {
			isa = PBXResourcesBuildPhase;
			buildActionMask = 2147483647;
			files = (
			);
			runOnlyForDeploymentPostprocessing = 0;
		};
/* End PBXResourcesBuildPhase section */

/* Begin PBXSourcesBuildPhase section */
		EFFDB12F23FF692300DB86B8 /* Sources */ = {
			isa = PBXSourcesBuildPhase;
			buildActionMask = 2147483647;
			files = (
				EFFDB1B52402545C00DB86B8 /* VPN.swift in Sources */,
				EFFDB1B324024E2300DB86B8 /* VPNService.swift in Sources */,
				EFFDB13723FF692300DB86B8 /* AppDelegate.swift in Sources */,
				EFFDB1A12400230F00DB86B8 /* SystemKeychain.swift in Sources */,
				EFFDB1DE2402CFDC00DB86B8 /* KeychainUtils.swift in Sources */,
				EFFDB19C2400209C00DB86B8 /* SystemKeychainAccessProtocol.swift in Sources */,
				EFFDB1B72402550100DB86B8 /* VPNConfiguration.swift in Sources */,
				EFFDB1A9240245E900DB86B8 /* MenuController.swift in Sources */,
				EFFDB1AD24024ABC00DB86B8 /* PreferencesViewController.swift in Sources */,
				EFFDB1A52400C49D00DB86B8 /* OSLog.swift in Sources */,
				EFFDB1DB2402CC9C00DB86B8 /* OTP.swift in Sources */,
				EFFDB1B124024D8400DB86B8 /* VPNServicesManager.swift in Sources */,
			);
			runOnlyForDeploymentPostprocessing = 0;
		};
		EFFDB14423FF692400DB86B8 /* Sources */ = {
			isa = PBXSourcesBuildPhase;
			buildActionMask = 2147483647;
			files = (
				EFFDB14D23FF692400DB86B8 /* GoVPNTests.swift in Sources */,
			);
			runOnlyForDeploymentPostprocessing = 0;
		};
		EFFDB14F23FF692400DB86B8 /* Sources */ = {
			isa = PBXSourcesBuildPhase;
			buildActionMask = 2147483647;
			files = (
				EFFDB15823FF692400DB86B8 /* GoVPNUITests.swift in Sources */,
			);
			runOnlyForDeploymentPostprocessing = 0;
		};
		EFFDB16623FF69FC00DB86B8 /* Sources */ = {
			isa = PBXSourcesBuildPhase;
			buildActionMask = 2147483647;
			files = (
				EFFDB19F2400211A00DB86B8 /* SystemKeychainAccess.swift in Sources */,
				EFFDB19D2400209C00DB86B8 /* SystemKeychainAccessProtocol.swift in Sources */,
				EFFDB16D23FF69FC00DB86B8 /* main.swift in Sources */,
				EFFDB1A32400268100DB86B8 /* KeychainUtils.swift in Sources */,
				EFFDB1A72401329A00DB86B8 /* OSLog.swift in Sources */,
			);
			runOnlyForDeploymentPostprocessing = 0;
		};
/* End PBXSourcesBuildPhase section */

/* Begin PBXTargetDependency section */
		EFFDB14A23FF692400DB86B8 /* PBXTargetDependency */ = {
			isa = PBXTargetDependency;
			target = EFFDB13223FF692300DB86B8 /* GoVPN */;
			targetProxy = EFFDB14923FF692400DB86B8 /* PBXContainerItemProxy */;
		};
		EFFDB15523FF692400DB86B8 /* PBXTargetDependency */ = {
			isa = PBXTargetDependency;
			target = EFFDB13223FF692300DB86B8 /* GoVPN */;
			targetProxy = EFFDB15423FF692400DB86B8 /* PBXContainerItemProxy */;
		};
		EFFDB19323FF806F00DB86B8 /* PBXTargetDependency */ = {
			isa = PBXTargetDependency;
			target = EFFDB16923FF69FC00DB86B8 /* com.colharris.GoVPNHelper */;
			targetProxy = EFFDB19223FF806F00DB86B8 /* PBXContainerItemProxy */;
		};
/* End PBXTargetDependency section */

/* Begin PBXVariantGroup section */
		EFFDB13F23FF692400DB86B8 /* Main.storyboard */ = {
			isa = PBXVariantGroup;
			children = (
				EFFDB14023FF692400DB86B8 /* Base */,
			);
			name = Main.storyboard;
			sourceTree = "<group>";
		};
/* End PBXVariantGroup section */

/* Begin XCBuildConfiguration section */
		EFFDB15A23FF692500DB86B8 /* Debug */ = {
			isa = XCBuildConfiguration;
			buildSettings = {
				ALWAYS_SEARCH_USER_PATHS = NO;
				CLANG_ANALYZER_NONNULL = YES;
				CLANG_ANALYZER_NUMBER_OBJECT_CONVERSION = YES_AGGRESSIVE;
				CLANG_CXX_LANGUAGE_STANDARD = "gnu++14";
				CLANG_CXX_LIBRARY = "libc++";
				CLANG_ENABLE_MODULES = YES;
				CLANG_ENABLE_OBJC_ARC = YES;
				CLANG_ENABLE_OBJC_WEAK = YES;
				CLANG_WARN_BLOCK_CAPTURE_AUTORELEASING = YES;
				CLANG_WARN_BOOL_CONVERSION = YES;
				CLANG_WARN_COMMA = YES;
				CLANG_WARN_CONSTANT_CONVERSION = YES;
				CLANG_WARN_DEPRECATED_OBJC_IMPLEMENTATIONS = YES;
				CLANG_WARN_DIRECT_OBJC_ISA_USAGE = YES_ERROR;
				CLANG_WARN_DOCUMENTATION_COMMENTS = YES;
				CLANG_WARN_EMPTY_BODY = YES;
				CLANG_WARN_ENUM_CONVERSION = YES;
				CLANG_WARN_INFINITE_RECURSION = YES;
				CLANG_WARN_INT_CONVERSION = YES;
				CLANG_WARN_NON_LITERAL_NULL_CONVERSION = YES;
				CLANG_WARN_OBJC_IMPLICIT_RETAIN_SELF = YES;
				CLANG_WARN_OBJC_LITERAL_CONVERSION = YES;
				CLANG_WARN_OBJC_ROOT_CLASS = YES_ERROR;
				CLANG_WARN_RANGE_LOOP_ANALYSIS = YES;
				CLANG_WARN_STRICT_PROTOTYPES = YES;
				CLANG_WARN_SUSPICIOUS_MOVE = YES;
				CLANG_WARN_UNGUARDED_AVAILABILITY = YES_AGGRESSIVE;
				CLANG_WARN_UNREACHABLE_CODE = YES;
				CLANG_WARN__DUPLICATE_METHOD_MATCH = YES;
				COPY_PHASE_STRIP = NO;
				DEBUG_INFORMATION_FORMAT = dwarf;
				ENABLE_STRICT_OBJC_MSGSEND = YES;
				ENABLE_TESTABILITY = YES;
				GCC_C_LANGUAGE_STANDARD = gnu11;
				GCC_DYNAMIC_NO_PIC = NO;
				GCC_NO_COMMON_BLOCKS = YES;
				GCC_OPTIMIZATION_LEVEL = 0;
				GCC_PREPROCESSOR_DEFINITIONS = (
					"DEBUG=1",
					"$(inherited)",
				);
				GCC_WARN_64_TO_32_BIT_CONVERSION = YES;
				GCC_WARN_ABOUT_RETURN_TYPE = YES_ERROR;
				GCC_WARN_UNDECLARED_SELECTOR = YES;
				GCC_WARN_UNINITIALIZED_AUTOS = YES_AGGRESSIVE;
				GCC_WARN_UNUSED_FUNCTION = YES;
				GCC_WARN_UNUSED_VARIABLE = YES;
				MACOSX_DEPLOYMENT_TARGET = 10.15;
				MTL_ENABLE_DEBUG_INFO = INCLUDE_SOURCE;
				MTL_FAST_MATH = YES;
				ONLY_ACTIVE_ARCH = YES;
				SDKROOT = macosx;
				SWIFT_ACTIVE_COMPILATION_CONDITIONS = DEBUG;
				SWIFT_OPTIMIZATION_LEVEL = "-Onone";
			};
			name = Debug;
		};
		EFFDB15B23FF692500DB86B8 /* Release */ = {
			isa = XCBuildConfiguration;
			buildSettings = {
				ALWAYS_SEARCH_USER_PATHS = NO;
				CLANG_ANALYZER_NONNULL = YES;
				CLANG_ANALYZER_NUMBER_OBJECT_CONVERSION = YES_AGGRESSIVE;
				CLANG_CXX_LANGUAGE_STANDARD = "gnu++14";
				CLANG_CXX_LIBRARY = "libc++";
				CLANG_ENABLE_MODULES = YES;
				CLANG_ENABLE_OBJC_ARC = YES;
				CLANG_ENABLE_OBJC_WEAK = YES;
				CLANG_WARN_BLOCK_CAPTURE_AUTORELEASING = YES;
				CLANG_WARN_BOOL_CONVERSION = YES;
				CLANG_WARN_COMMA = YES;
				CLANG_WARN_CONSTANT_CONVERSION = YES;
				CLANG_WARN_DEPRECATED_OBJC_IMPLEMENTATIONS = YES;
				CLANG_WARN_DIRECT_OBJC_ISA_USAGE = YES_ERROR;
				CLANG_WARN_DOCUMENTATION_COMMENTS = YES;
				CLANG_WARN_EMPTY_BODY = YES;
				CLANG_WARN_ENUM_CONVERSION = YES;
				CLANG_WARN_INFINITE_RECURSION = YES;
				CLANG_WARN_INT_CONVERSION = YES;
				CLANG_WARN_NON_LITERAL_NULL_CONVERSION = YES;
				CLANG_WARN_OBJC_IMPLICIT_RETAIN_SELF = YES;
				CLANG_WARN_OBJC_LITERAL_CONVERSION = YES;
				CLANG_WARN_OBJC_ROOT_CLASS = YES_ERROR;
				CLANG_WARN_RANGE_LOOP_ANALYSIS = YES;
				CLANG_WARN_STRICT_PROTOTYPES = YES;
				CLANG_WARN_SUSPICIOUS_MOVE = YES;
				CLANG_WARN_UNGUARDED_AVAILABILITY = YES_AGGRESSIVE;
				CLANG_WARN_UNREACHABLE_CODE = YES;
				CLANG_WARN__DUPLICATE_METHOD_MATCH = YES;
				COPY_PHASE_STRIP = NO;
				DEBUG_INFORMATION_FORMAT = "dwarf-with-dsym";
				ENABLE_NS_ASSERTIONS = NO;
				ENABLE_STRICT_OBJC_MSGSEND = YES;
				GCC_C_LANGUAGE_STANDARD = gnu11;
				GCC_NO_COMMON_BLOCKS = YES;
				GCC_WARN_64_TO_32_BIT_CONVERSION = YES;
				GCC_WARN_ABOUT_RETURN_TYPE = YES_ERROR;
				GCC_WARN_UNDECLARED_SELECTOR = YES;
				GCC_WARN_UNINITIALIZED_AUTOS = YES_AGGRESSIVE;
				GCC_WARN_UNUSED_FUNCTION = YES;
				GCC_WARN_UNUSED_VARIABLE = YES;
				MACOSX_DEPLOYMENT_TARGET = 10.15;
				MTL_ENABLE_DEBUG_INFO = NO;
				MTL_FAST_MATH = YES;
				SDKROOT = macosx;
				SWIFT_COMPILATION_MODE = wholemodule;
				SWIFT_OPTIMIZATION_LEVEL = "-O";
			};
			name = Release;
		};
		EFFDB15D23FF692500DB86B8 /* Debug */ = {
			isa = XCBuildConfiguration;
			buildSettings = {
				ASSETCATALOG_COMPILER_APPICON_NAME = AppIcon;
				CODE_SIGN_IDENTITY = "Apple Development";
				CODE_SIGN_STYLE = Automatic;
				COMBINE_HIDPI_IMAGES = YES;
				CURRENT_PROJECT_VERSION = 8;
				DEBUG_INFORMATION_FORMAT = "dwarf-with-dsym";
				DEVELOPMENT_ASSET_PATHS = "\"GoVPN/Preview Content\"";
				DEVELOPMENT_TEAM = K465DYH4Z2;
				ENABLE_HARDENED_RUNTIME = NO;
				ENABLE_PREVIEWS = YES;
				ENABLE_TESTABILITY = NO;
				INFOPLIST_FILE = GoVPN/Info.plist;
				LD_RUNPATH_SEARCH_PATHS = (
					"$(inherited)",
					"@executable_path/../Frameworks",
				);
				MACOSX_DEPLOYMENT_TARGET = 10.15;
				MARKETING_VERSION = "1.0-alpha.1";
				ONLY_ACTIVE_ARCH = NO;
				PRODUCT_BUNDLE_IDENTIFIER = com.colharris.GoVPN;
				PRODUCT_NAME = "$(TARGET_NAME)";
				SWIFT_OBJC_BRIDGING_HEADER = "GoVPN/GoVPN-Bridging-Header.h";
				SWIFT_VERSION = 5.0;
			};
			name = Debug;
		};
		EFFDB15E23FF692500DB86B8 /* Release */ = {
			isa = XCBuildConfiguration;
			buildSettings = {
				ASSETCATALOG_COMPILER_APPICON_NAME = AppIcon;
				CODE_SIGN_IDENTITY = "Apple Development";
				CODE_SIGN_STYLE = Automatic;
				COMBINE_HIDPI_IMAGES = YES;
				CURRENT_PROJECT_VERSION = 8;
				DEBUG_INFORMATION_FORMAT = "dwarf-with-dsym";
				DEVELOPMENT_ASSET_PATHS = "\"GoVPN/Preview Content\"";
				DEVELOPMENT_TEAM = K465DYH4Z2;
				ENABLE_HARDENED_RUNTIME = NO;
				ENABLE_PREVIEWS = YES;
				INFOPLIST_FILE = GoVPN/Info.plist;
				LD_RUNPATH_SEARCH_PATHS = (
					"$(inherited)",
					"@executable_path/../Frameworks",
				);
				MACOSX_DEPLOYMENT_TARGET = 10.15;
				MARKETING_VERSION = "1.0-alpha.1";
				ONLY_ACTIVE_ARCH = NO;
				PRODUCT_BUNDLE_IDENTIFIER = com.colharris.GoVPN;
				PRODUCT_NAME = "$(TARGET_NAME)";
				SWIFT_OBJC_BRIDGING_HEADER = "GoVPN/GoVPN-Bridging-Header.h";
				SWIFT_VERSION = 5.0;
			};
			name = Release;
		};
		EFFDB16023FF692500DB86B8 /* Debug */ = {
			isa = XCBuildConfiguration;
			buildSettings = {
				ALWAYS_EMBED_SWIFT_STANDARD_LIBRARIES = YES;
				BUNDLE_LOADER = "$(TEST_HOST)";
				CODE_SIGN_STYLE = Automatic;
				COMBINE_HIDPI_IMAGES = YES;
				DEVELOPMENT_TEAM = K465DYH4Z2;
				INFOPLIST_FILE = GoVPNTests/Info.plist;
				LD_RUNPATH_SEARCH_PATHS = (
					"$(inherited)",
					"@executable_path/../Frameworks",
					"@loader_path/../Frameworks",
				);
				MACOSX_DEPLOYMENT_TARGET = 10.15;
				PRODUCT_BUNDLE_IDENTIFIER = com.colharris.GoVPNTests;
				PRODUCT_NAME = "$(TARGET_NAME)";
				SWIFT_VERSION = 5.0;
				TEST_HOST = "$(BUILT_PRODUCTS_DIR)/GoVPN.app/Contents/MacOS/GoVPN";
			};
			name = Debug;
		};
		EFFDB16123FF692500DB86B8 /* Release */ = {
			isa = XCBuildConfiguration;
			buildSettings = {
				ALWAYS_EMBED_SWIFT_STANDARD_LIBRARIES = YES;
				BUNDLE_LOADER = "$(TEST_HOST)";
				CODE_SIGN_STYLE = Automatic;
				COMBINE_HIDPI_IMAGES = YES;
				DEVELOPMENT_TEAM = K465DYH4Z2;
				INFOPLIST_FILE = GoVPNTests/Info.plist;
				LD_RUNPATH_SEARCH_PATHS = (
					"$(inherited)",
					"@executable_path/../Frameworks",
					"@loader_path/../Frameworks",
				);
				MACOSX_DEPLOYMENT_TARGET = 10.15;
				PRODUCT_BUNDLE_IDENTIFIER = com.colharris.GoVPNTests;
				PRODUCT_NAME = "$(TARGET_NAME)";
				SWIFT_VERSION = 5.0;
				TEST_HOST = "$(BUILT_PRODUCTS_DIR)/GoVPN.app/Contents/MacOS/GoVPN";
			};
			name = Release;
		};
		EFFDB16323FF692500DB86B8 /* Debug */ = {
			isa = XCBuildConfiguration;
			buildSettings = {
				ALWAYS_EMBED_SWIFT_STANDARD_LIBRARIES = YES;
				CODE_SIGN_STYLE = Automatic;
				COMBINE_HIDPI_IMAGES = YES;
				DEVELOPMENT_TEAM = K465DYH4Z2;
				INFOPLIST_FILE = GoVPNUITests/Info.plist;
				LD_RUNPATH_SEARCH_PATHS = (
					"$(inherited)",
					"@executable_path/../Frameworks",
					"@loader_path/../Frameworks",
				);
				PRODUCT_BUNDLE_IDENTIFIER = com.colharris.GoVPNUITests;
				PRODUCT_NAME = "$(TARGET_NAME)";
				SWIFT_VERSION = 5.0;
				TEST_TARGET_NAME = GoVPN;
			};
			name = Debug;
		};
		EFFDB16423FF692500DB86B8 /* Release */ = {
			isa = XCBuildConfiguration;
			buildSettings = {
				ALWAYS_EMBED_SWIFT_STANDARD_LIBRARIES = YES;
				CODE_SIGN_STYLE = Automatic;
				COMBINE_HIDPI_IMAGES = YES;
				DEVELOPMENT_TEAM = K465DYH4Z2;
				INFOPLIST_FILE = GoVPNUITests/Info.plist;
				LD_RUNPATH_SEARCH_PATHS = (
					"$(inherited)",
					"@executable_path/../Frameworks",
					"@loader_path/../Frameworks",
				);
				PRODUCT_BUNDLE_IDENTIFIER = com.colharris.GoVPNUITests;
				PRODUCT_NAME = "$(TARGET_NAME)";
				SWIFT_VERSION = 5.0;
				TEST_TARGET_NAME = GoVPN;
			};
			name = Release;
		};
		EFFDB16F23FF69FC00DB86B8 /* Debug */ = {
			isa = XCBuildConfiguration;
			buildSettings = {
				CODE_SIGN_IDENTITY = "Mac Developer";
				CODE_SIGN_STYLE = Automatic;
				CURRENT_PROJECT_VERSION = 8;
				DEBUG_INFORMATION_FORMAT = "dwarf-with-dsym";
				DEVELOPMENT_TEAM = K465DYH4Z2;
				ENABLE_HARDENED_RUNTIME = NO;
				ENABLE_TESTABILITY = NO;
				INFOPLIST_FILE = "$(SRCROOT)/GoVPNHelper/GoVPNHelper-Info.plist";
				MARKETING_VERSION = "1.0-alpha.1";
				ONLY_ACTIVE_ARCH = NO;
				OTHER_LDFLAGS = (
					"-sectcreate",
					__TEXT,
					__info_plist,
					"GoVPNHelper/GoVPNHelper-Info.plist",
					"-sectcreate",
					__TEXT,
					__launchd_plist,
					"GoVPNHelper/GoVPNHelper-Launchd.plist",
				);
				OTHER_LIBTOOLFLAGS = "";
				PRODUCT_BUNDLE_IDENTIFIER = com.colharris.GoVPNHelper;
				PRODUCT_NAME = "$(TARGET_NAME)";
				SKIP_INSTALL = YES;
				SWIFT_VERSION = 5.0;
			};
			name = Debug;
		};
		EFFDB17023FF69FC00DB86B8 /* Release */ = {
			isa = XCBuildConfiguration;
			buildSettings = {
				CODE_SIGN_IDENTITY = "Mac Developer";
				CODE_SIGN_STYLE = Automatic;
				CURRENT_PROJECT_VERSION = 8;
				DEBUG_INFORMATION_FORMAT = "dwarf-with-dsym";
				DEVELOPMENT_TEAM = K465DYH4Z2;
				ENABLE_HARDENED_RUNTIME = NO;
				ENABLE_TESTABILITY = NO;
				INFOPLIST_FILE = "$(SRCROOT)/GoVPNHelper/GoVPNHelper-Info.plist";
				MARKETING_VERSION = "1.0-alpha.1";
				ONLY_ACTIVE_ARCH = NO;
				OTHER_LDFLAGS = (
					"-sectcreate",
					__TEXT,
					__info_plist,
					"GoVPNHelper/GoVPNHelper-Info.plist",
					"-sectcreate",
					__TEXT,
					__launchd_plist,
					"GoVPNHelper/GoVPNHelper-Launchd.plist",
				);
				OTHER_LIBTOOLFLAGS = "";
				PRODUCT_BUNDLE_IDENTIFIER = com.colharris.GoVPNHelper;
				PRODUCT_NAME = "$(TARGET_NAME)";
				SKIP_INSTALL = YES;
				SWIFT_VERSION = 5.0;
			};
			name = Release;
		};
/* End XCBuildConfiguration section */

/* Begin XCConfigurationList section */
		EFFDB12E23FF692300DB86B8 /* Build configuration list for PBXProject "GoVPN" */ = {
			isa = XCConfigurationList;
			buildConfigurations = (
				EFFDB15A23FF692500DB86B8 /* Debug */,
				EFFDB15B23FF692500DB86B8 /* Release */,
			);
			defaultConfigurationIsVisible = 0;
			defaultConfigurationName = Release;
		};
		EFFDB15C23FF692500DB86B8 /* Build configuration list for PBXNativeTarget "GoVPN" */ = {
			isa = XCConfigurationList;
			buildConfigurations = (
				EFFDB15D23FF692500DB86B8 /* Debug */,
				EFFDB15E23FF692500DB86B8 /* Release */,
			);
			defaultConfigurationIsVisible = 0;
			defaultConfigurationName = Release;
		};
		EFFDB15F23FF692500DB86B8 /* Build configuration list for PBXNativeTarget "GoVPNTests" */ = {
			isa = XCConfigurationList;
			buildConfigurations = (
				EFFDB16023FF692500DB86B8 /* Debug */,
				EFFDB16123FF692500DB86B8 /* Release */,
			);
			defaultConfigurationIsVisible = 0;
			defaultConfigurationName = Release;
		};
		EFFDB16223FF692500DB86B8 /* Build configuration list for PBXNativeTarget "GoVPNUITests" */ = {
			isa = XCConfigurationList;
			buildConfigurations = (
				EFFDB16323FF692500DB86B8 /* Debug */,
				EFFDB16423FF692500DB86B8 /* Release */,
			);
			defaultConfigurationIsVisible = 0;
			defaultConfigurationName = Release;
		};
		EFFDB16E23FF69FC00DB86B8 /* Build configuration list for PBXNativeTarget "com.colharris.GoVPNHelper" */ = {
			isa = XCConfigurationList;
			buildConfigurations = (
				EFFDB16F23FF69FC00DB86B8 /* Debug */,
				EFFDB17023FF69FC00DB86B8 /* Release */,
			);
			defaultConfigurationIsVisible = 0;
			defaultConfigurationName = Release;
		};
/* End XCConfigurationList section */
	};
	rootObject = EFFDB12B23FF692300DB86B8 /* Project object */;
}
